
Microsoft Visual Studio Solution File, Format Version 12.00
# Visual Studio Version 16
VisualStudioVersion = 16.0.30225.117
MinimumVisualStudioVersion = 10.0.40219.1
Project("{FAE04EC0-301F-11D3-BF4B-00C04F79EFBC}") = "WebApplication7", "WebApplication7\WebApplication7.csproj", "{A3B8C62B-4979-428A-BCF6-C815DF0D4052}"
EndProject
Global
	GlobalSection(SolutionConfigurationPlatforms) = preSolution
		Debug|Any CPU = Debug|Any CPU
		Release|Any CPU = Release|Any CPU
	EndGlobalSection
	GlobalSection(ProjectConfigurationPlatforms) = postSolution
		{A3B8C62B-4979-428A-BCF6-C815DF0D4052}.Debug|Any CPU.ActiveCfg = Debug|Any CPU
		{A3B8C62B-4979-428A-BCF6-C815DF0D4052}.Debug|Any CPU.Build.0 = Debug|Any CPU
		{A3B8C62B-4979-428A-BCF6-C815DF0D4052}.Release|Any CPU.ActiveCfg = Release|Any CPU
		{A3B8C62B-4979-428A-BCF6-C815DF0D4052}.Release|Any CPU.Build.0 = Release|Any CPU
	EndGlobalSection
	GlobalSection(SolutionProperties) = preSolution
		HideSolutionNode = FALSE
	EndGlobalSection
	GlobalSection(ExtensibilityGlobals) = postSolution
		SolutionGuid = {83D34865-6734-42DC-B55F-22B4BD2AF816}
	EndGlobalSection
EndGlobal
